{
  "name": "my-schedule",
  "version": "1.0.0",
  "lockfileVersion": 1,
  "requires": true,
  "dependencies": {
    "node-lifx-lan": {
      "version": "0.4.3",
      "resolved": "https://registry.npmjs.org/node-lifx-lan/-/node-lifx-lan-0.4.3.tgz",
      "integrity": "sha512-T5cQXf6B/BVyb7+2Zd1p7SdAXxIHqvbwO4bbsRoSr1bF8MDxrJGK6Mxoh/TBb10T499SJP/PH6XI1aEVzwJKog=="
    },
    "suncalc": {
      "version": "1.8.0",
      "resolved": "https://registry.npmjs.org/suncalc/-/suncalc-1.8.0.tgz",
      "integrity": "sha1-HZiYEJVjB4dQ9JlKlZ5lTYdqy/U="
    }
  }
}
